
Microsoft Visual Studio Solution File, Format Version 12.00
# Visual Studio Version 17
VisualStudioVersion = 17.5.33627.172
MinimumVisualStudioVersion = 10.0.40219.1
Project("{FAE04EC0-301F-11D3-BF4B-00C04F79EFBC}") = "ByteBank", "ByteBank.csproj", "{EA433730-ED81-4696-B57D-599B4F24511B}"
EndProject
Global
	GlobalSection(SolutionConfigurationPlatforms) = preSolution
		Debug|Any CPU = Debug|Any CPU
		Release|Any CPU = Release|Any CPU
	EndGlobalSection
	GlobalSection(ProjectConfigurationPlatforms) = postSolution
		{EA433730-ED81-4696-B57D-599B4F24511B}.Debug|Any CPU.ActiveCfg = Debug|Any CPU
		{EA433730-ED81-4696-B57D-599B4F24511B}.Debug|Any CPU.Build.0 = Debug|Any CPU
		{EA433730-ED81-4696-B57D-599B4F24511B}.Release|Any CPU.ActiveCfg = Release|Any CPU
		{EA433730-ED81-4696-B57D-599B4F24511B}.Release|Any CPU.Build.0 = Release|Any CPU
	EndGlobalSection
	GlobalSection(SolutionProperties) = preSolution
		HideSolutionNode = FALSE
	EndGlobalSection
	GlobalSection(ExtensibilityGlobals) = postSolution
		SolutionGuid = {18250C80-221C-40F0-9555-9A6F9F7C04A3}
	EndGlobalSection
EndGlobal
