
Microsoft Visual Studio Solution File, Format Version 12.00
# Visual Studio Version 17
VisualStudioVersion = 17.5.33627.172
MinimumVisualStudioVersion = 10.0.40219.1
Project("{FAE04EC0-301F-11D3-BF4B-00C04F79EFBC}") = "OlaMundo", "OlaMundo\OlaMundo.csproj", "{2824160B-C73B-443B-B091-ADE7165BA0B0}"
EndProject
Project("{FAE04EC0-301F-11D3-BF4B-00C04F79EFBC}") = "CriandoVariaveis", "CriandoVariaveis\CriandoVariaveis.csproj", "{B0FBF9CB-69AF-42B6-8CDD-4913A57F9C2C}"
EndProject
Global
	GlobalSection(SolutionConfigurationPlatforms) = preSolution
		Debug|Any CPU = Debug|Any CPU
		Release|Any CPU = Release|Any CPU
	EndGlobalSection
	GlobalSection(ProjectConfigurationPlatforms) = postSolution
		{2824160B-C73B-443B-B091-ADE7165BA0B0}.Debug|Any CPU.ActiveCfg = Debug|Any CPU
		{2824160B-C73B-443B-B091-ADE7165BA0B0}.Debug|Any CPU.Build.0 = Debug|Any CPU
		{2824160B-C73B-443B-B091-ADE7165BA0B0}.Release|Any CPU.ActiveCfg = Release|Any CPU
		{2824160B-C73B-443B-B091-ADE7165BA0B0}.Release|Any CPU.Build.0 = Release|Any CPU
		{B0FBF9CB-69AF-42B6-8CDD-4913A57F9C2C}.Debug|Any CPU.ActiveCfg = Debug|Any CPU
		{B0FBF9CB-69AF-42B6-8CDD-4913A57F9C2C}.Debug|Any CPU.Build.0 = Debug|Any CPU
		{B0FBF9CB-69AF-42B6-8CDD-4913A57F9C2C}.Release|Any CPU.ActiveCfg = Release|Any CPU
		{B0FBF9CB-69AF-42B6-8CDD-4913A57F9C2C}.Release|Any CPU.Build.0 = Release|Any CPU
	EndGlobalSection
	GlobalSection(SolutionProperties) = preSolution
		HideSolutionNode = FALSE
	EndGlobalSection
	GlobalSection(ExtensibilityGlobals) = postSolution
		SolutionGuid = {38BF9FE8-740B-4EF8-90CE-C33A533E5938}
	EndGlobalSection
EndGlobal
